// !$*UTF8*$!
{
	archiveVersion = 1;
	classes = {
	};
	objectVersion = 56;
	objects = {

/* Begin PBXBuildFile section */
		C5B4CE2C2A28CB9300D3D65C /* AppDelegate.swift in Sources */ = {isa = PBXBuildFile; fileRef = C5B4CE2B2A28CB9300D3D65C /* AppDelegate.swift */; };
		C5B4CE2E2A28CB9300D3D65C /* SceneDelegate.swift in Sources */ = {isa = PBXBuildFile; fileRef = C5B4CE2D2A28CB9300D3D65C /* SceneDelegate.swift */; };
		C5B4CE302A28CB9300D3D65C /* ViewController.swift in Sources */ = {isa = PBXBuildFile; fileRef = C5B4CE2F2A28CB9300D3D65C /* ViewController.swift */; };
		C5B4CE332A28CB9300D3D65C /* Main.storyboard in Resources */ = {isa = PBXBuildFile; fileRef = C5B4CE312A28CB9300D3D65C /* Main.storyboard */; };
		C5B4CE362A28CB9300D3D65C /* AppNotifica.xcdatamodeld in Sources */ = {isa = PBXBuildFile; fileRef = C5B4CE342A28CB9300D3D65C /* AppNotifica.xcdatamodeld */; };
		C5B4CE3B2A28CB9600D3D65C /* LaunchScreen.storyboard in Resources */ = {isa = PBXBuildFile; fileRef = C5B4CE392A28CB9600D3D65C /* LaunchScreen.storyboard */; };
		C5B4CE462A28CB9700D3D65C /* AppNotificaTests.swift in Sources */ = {isa = PBXBuildFile; fileRef = C5B4CE452A28CB9700D3D65C /* AppNotificaTests.swift */; };
		C5B4CE502A28CB9700D3D65C /* AppNotificaUITests.swift in Sources */ = {isa = PBXBuildFile; fileRef = C5B4CE4F2A28CB9700D3D65C /* AppNotificaUITests.swift */; };
		C5B4CE522A28CB9700D3D65C /* AppNotificaUITestsLaunchTests.swift in Sources */ = {isa = PBXBuildFile; fileRef = C5B4CE512A28CB9700D3D65C /* AppNotificaUITestsLaunchTests.swift */; };
		C5B4CE632A28D7AC00D3D65C /* Component 3.png in Resources */ = {isa = PBXBuildFile; fileRef = C5B4CE622A28D7AC00D3D65C /* Component 3.png */; };
		C5B4CE652A28D88C00D3D65C /* Component 4.png in Resources */ = {isa = PBXBuildFile; fileRef = C5B4CE642A28D88C00D3D65C /* Component 4.png */; };
/* End PBXBuildFile section */

/* Begin PBXContainerItemProxy section */
		C5B4CE422A28CB9700D3D65C /* PBXContainerItemProxy */ = {
			isa = PBXContainerItemProxy;
			containerPortal = C5B4CE202A28CB9300D3D65C /* Project object */;
			proxyType = 1;
			remoteGlobalIDString = C5B4CE272A28CB9300D3D65C;
			remoteInfo = AppNotifica;
		};
		C5B4CE4C2A28CB9700D3D65C /* PBXContainerItemProxy */ = {
			isa = PBXContainerItemProxy;
			containerPortal = C5B4CE202A28CB9300D3D65C /* Project object */;
			proxyType = 1;
			remoteGlobalIDString = C5B4CE272A28CB9300D3D65C;
			remoteInfo = AppNotifica;
		};
/* End PBXContainerItemProxy section */

/* Begin PBXFileReference section */
		C5B4CE282A28CB9300D3D65C /* AppNotifica.app */ = {isa = PBXFileReference; explicitFileType = wrapper.application; includeInIndex = 0; path = AppNotifica.app; sourceTree = BUILT_PRODUCTS_DIR; };
		C5B4CE2B2A28CB9300D3D65C /* AppDelegate.swift */ = {isa = PBXFileReference; lastKnownFileType = sourcecode.swift; path = AppDelegate.swift; sourceTree = "<group>"; };
		C5B4CE2D2A28CB9300D3D65C /* SceneDelegate.swift */ = {isa = PBXFileReference; lastKnownFileType = sourcecode.swift; path = SceneDelegate.swift; sourceTree = "<group>"; };
		C5B4CE2F2A28CB9300D3D65C /* ViewController.swift */ = {isa = PBXFileReference; lastKnownFileType = sourcecode.swift; path = ViewController.swift; sourceTree = "<group>"; };
		C5B4CE322A28CB9300D3D65C /* Base */ = {isa = PBXFileReference; lastKnownFileType = file.storyboard; name = Base; path = Base.lproj/Main.storyboard; sourceTree = "<group>"; };
		C5B4CE352A28CB9300D3D65C /* AppNotifica.xcdatamodel */ = {isa = PBXFileReference; lastKnownFileType = wrapper.xcdatamodel; path = AppNotifica.xcdatamodel; sourceTree = "<group>"; };
		C5B4CE3A2A28CB9600D3D65C /* Base */ = {isa = PBXFileReference; lastKnownFileType = file.storyboard; name = Base; path = Base.lproj/LaunchScreen.storyboard; sourceTree = "<group>"; };
		C5B4CE3C2A28CB9600D3D65C /* Info.plist */ = {isa = PBXFileReference; lastKnownFileType = text.plist.xml; path = Info.plist; sourceTree = "<group>"; };
		C5B4CE412A28CB9700D3D65C /* AppNotificaTests.xctest */ = {isa = PBXFileReference; explicitFileType = wrapper.cfbundle; includeInIndex = 0; path = AppNotificaTests.xctest; sourceTree = BUILT_PRODUCTS_DIR; };
		C5B4CE452A28CB9700D3D65C /* AppNotificaTests.swift */ = {isa = PBXFileReference; lastKnownFileType = sourcecode.swift; path = AppNotificaTests.swift; sourceTree = "<group>"; };
		C5B4CE4B2A28CB9700D3D65C /* AppNotificaUITests.xctest */ = {isa = PBXFileReference; explicitFileType = wrapper.cfbundle; includeInIndex = 0; path = AppNotificaUITests.xctest; sourceTree = BUILT_PRODUCTS_DIR; };
		C5B4CE4F2A28CB9700D3D65C /* AppNotificaUITests.swift */ = {isa = PBXFileReference; lastKnownFileType = sourcecode.swift; path = AppNotificaUITests.swift; sourceTree = "<group>"; };
		C5B4CE512A28CB9700D3D65C /* AppNotificaUITestsLaunchTests.swift */ = {isa = PBXFileReference; lastKnownFileType = sourcecode.swift; path = AppNotificaUITestsLaunchTests.swift; sourceTree = "<group>"; };
		C5B4CE622A28D7AC00D3D65C /* Component 3.png */ = {isa = PBXFileReference; lastKnownFileType = image.png; name = "Component 3.png"; path = "../Component 3.png"; sourceTree = "<group>"; };
		C5B4CE642A28D88C00D3D65C /* Component 4.png */ = {isa = PBXFileReference; lastKnownFileType = image.png; name = "Component 4.png"; path = "../Component 4.png"; sourceTree = "<group>"; };
/* End PBXFileReference section */

/* Begin PBXFrameworksBuildPhase section */
		C5B4CE252A28CB9300D3D65C /* Frameworks */ = {
			isa = PBXFrameworksBuildPhase;
			buildActionMask = 2147483647;
			files = (
			);
			runOnlyForDeploymentPostprocessing = 0;
		};
		C5B4CE3E2A28CB9700D3D65C /* Frameworks */ = {
			isa = PBXFrameworksBuildPhase;
			buildActionMask = 2147483647;
			files = (
			);
			runOnlyForDeploymentPostprocessing = 0;
		};
		C5B4CE482A28CB9700D3D65C /* Frameworks */ = {
			isa = PBXFrameworksBuildPhase;
			buildActionMask = 2147483647;
			files = (
			);
			runOnlyForDeploymentPostprocessing = 0;
		};
/* End PBXFrameworksBuildPhase section */

/* Begin PBXGroup section */
		C5B4CE1F2A28CB9200D3D65C = {
			isa = PBXGroup;
			children = (
				C5B4CE642A28D88C00D3D65C /* Component 4.png */,
				C5B4CE622A28D7AC00D3D65C /* Component 3.png */,
				C5B4CE2A2A28CB9300D3D65C /* AppNotifica */,
				C5B4CE442A28CB9700D3D65C /* AppNotificaTests */,
				C5B4CE4E2A28CB9700D3D65C /* AppNotificaUITests */,
				C5B4CE292A28CB9300D3D65C /* Products */,
			);
			sourceTree = "<group>";
		};
		C5B4CE292A28CB9300D3D65C /* Products */ = {
			isa = PBXGroup;
			children = (
				C5B4CE282A28CB9300D3D65C /* AppNotifica.app */,
				C5B4CE412A28CB9700D3D65C /* AppNotificaTests.xctest */,
				C5B4CE4B2A28CB9700D3D65C /* AppNotificaUITests.xctest */,
			);
			name = Products;
			sourceTree = "<group>";
		};
		C5B4CE2A2A28CB9300D3D65C /* AppNotifica */ = {
			isa = PBXGroup;
			children = (
				C5B4CE2B2A28CB9300D3D65C /* AppDelegate.swift */,
				C5B4CE2D2A28CB9300D3D65C /* SceneDelegate.swift */,
				C5B4CE2F2A28CB9300D3D65C /* ViewController.swift */,
				C5B4CE312A28CB9300D3D65C /* Main.storyboard */,
				C5B4CE392A28CB9600D3D65C /* LaunchScreen.storyboard */,
				C5B4CE3C2A28CB9600D3D65C /* Info.plist */,
				C5B4CE342A28CB9300D3D65C /* AppNotifica.xcdatamodeld */,
			);
			path = AppNotifica;
			sourceTree = "<group>";
		};
		C5B4CE442A28CB9700D3D65C /* AppNotificaTests */ = {
			isa = PBXGroup;
			children = (
				C5B4CE452A28CB9700D3D65C /* AppNotificaTests.swift */,
			);
			path = AppNotificaTests;
			sourceTree = "<group>";
		};
		C5B4CE4E2A28CB9700D3D65C /* AppNotificaUITests */ = {
			isa = PBXGroup;
			children = (
				C5B4CE4F2A28CB9700D3D65C /* AppNotificaUITests.swift */,
				C5B4CE512A28CB9700D3D65C /* AppNotificaUITestsLaunchTests.swift */,
			);
			path = AppNotificaUITests;
			sourceTree = "<group>";
		};
/* End PBXGroup section */

/* Begin PBXNativeTarget section */
		C5B4CE272A28CB9300D3D65C /* AppNotifica */ = {
			isa = PBXNativeTarget;
			buildConfigurationList = C5B4CE552A28CB9800D3D65C /* Build configuration list for PBXNativeTarget "AppNotifica" */;
			buildPhases = (
				C5B4CE242A28CB9300D3D65C /* Sources */,
				C5B4CE252A28CB9300D3D65C /* Frameworks */,
				C5B4CE262A28CB9300D3D65C /* Resources */,
			);
			buildRules = (
			);
			dependencies = (
			);
			name = AppNotifica;
			productName = AppNotifica;
			productReference = C5B4CE282A28CB9300D3D65C /* AppNotifica.app */;
			productType = "com.apple.product-type.application";
		};
		C5B4CE402A28CB9700D3D65C /* AppNotificaTests */ = {
			isa = PBXNativeTarget;
			buildConfigurationList = C5B4CE582A28CB9800D3D65C /* Build configuration list for PBXNativeTarget "AppNotificaTests" */;
			buildPhases = (
				C5B4CE3D2A28CB9700D3D65C /* Sources */,
				C5B4CE3E2A28CB9700D3D65C /* Frameworks */,
				C5B4CE3F2A28CB9700D3D65C /* Resources */,
			);
			buildRules = (
			);
			dependencies = (
				C5B4CE432A28CB9700D3D65C /* PBXTargetDependency */,
			);
			name = AppNotificaTests;
			productName = AppNotificaTests;
			productReference = C5B4CE412A28CB9700D3D65C /* AppNotificaTests.xctest */;
			productType = "com.apple.product-type.bundle.unit-test";
		};
		C5B4CE4A2A28CB9700D3D65C /* AppNotificaUITests */ = {
			isa = PBXNativeTarget;
			buildConfigurationList = C5B4CE5B2A28CB9800D3D65C /* Build configuration list for PBXNativeTarget "AppNotificaUITests" */;
			buildPhases = (
				C5B4CE472A28CB9700D3D65C /* Sources */,
				C5B4CE482A28CB9700D3D65C /* Frameworks */,
				C5B4CE492A28CB9700D3D65C /* Resources */,
			);
			buildRules = (
			);
			dependencies = (
				C5B4CE4D2A28CB9700D3D65C /* PBXTargetDependency */,
			);
			name = AppNotificaUITests;
			productName = AppNotificaUITests;
			productReference = C5B4CE4B2A28CB9700D3D65C /* AppNotificaUITests.xctest */;
			productType = "com.apple.product-type.bundle.ui-testing";
		};
/* End PBXNativeTarget section */

/* Begin PBXProject section */
		C5B4CE202A28CB9300D3D65C /* Project object */ = {
			isa = PBXProject;
			attributes = {
				BuildIndependentTargetsInParallel = 1;
				LastSwiftUpdateCheck = 1430;
				LastUpgradeCheck = 1430;
				TargetAttributes = {
					C5B4CE272A28CB9300D3D65C = {
						CreatedOnToolsVersion = 14.3;
					};
					C5B4CE402A28CB9700D3D65C = {
						CreatedOnToolsVersion = 14.3;
						TestTargetID = C5B4CE272A28CB9300D3D65C;
					};
					C5B4CE4A2A28CB9700D3D65C = {
						CreatedOnToolsVersion = 14.3;
						TestTargetID = C5B4CE272A28CB9300D3D65C;
					};
				};
			};
			buildConfigurationList = C5B4CE232A28CB9300D3D65C /* Build configuration list for PBXProject "AppNotifica" */;
			compatibilityVersion = "Xcode 14.0";
			developmentRegion = en;
			hasScannedForEncodings = 0;
			knownRegions = (
				en,
				Base,
			);
			mainGroup = C5B4CE1F2A28CB9200D3D65C;
			productRefGroup = C5B4CE292A28CB9300D3D65C /* Products */;
			projectDirPath = "";
			projectRoot = "";
			targets = (
				C5B4CE272A28CB9300D3D65C /* AppNotifica */,
				C5B4CE402A28CB9700D3D65C /* AppNotificaTests */,
				C5B4CE4A2A28CB9700D3D65C /* AppNotificaUITests */,
			);
		};
/* End PBXProject section */

/* Begin PBXResourcesBuildPhase section */
		C5B4CE262A28CB9300D3D65C /* Resources */ = {
			isa = PBXResourcesBuildPhase;
			buildActionMask = 2147483647;
			files = (
				C5B4CE632A28D7AC00D3D65C /* Component 3.png in Resources */,
				C5B4CE3B2A28CB9600D3D65C /* LaunchScreen.storyboard in Resources */,
				C5B4CE652A28D88C00D3D65C /* Component 4.png in Resources */,
				C5B4CE332A28CB9300D3D65C /* Main.storyboard in Resources */,
			);
			runOnlyForDeploymentPostprocessing = 0;
		};
		C5B4CE3F2A28CB9700D3D65C /* Resources */ = {
			isa = PBXResourcesBuildPhase;
			buildActionMask = 2147483647;
			files = (
			);
			runOnlyForDeploymentPostprocessing = 0;
		};
		C5B4CE492A28CB9700D3D65C /* Resources */ = {
			isa = PBXResourcesBuildPhase;
			buildActionMask = 2147483647;
			files = (
			);
			runOnlyForDeploymentPostprocessing = 0;
		};
/* End PBXResourcesBuildPhase section */

/* Begin PBXSourcesBuildPhase section */
		C5B4CE242A28CB9300D3D65C /* Sources */ = {
			isa = PBXSourcesBuildPhase;
			buildActionMask = 2147483647;
			files = (
				C5B4CE302A28CB9300D3D65C /* ViewController.swift in Sources */,
				C5B4CE2C2A28CB9300D3D65C /* AppDelegate.swift in Sources */,
				C5B4CE362A28CB9300D3D65C /* AppNotifica.xcdatamodeld in Sources */,
				C5B4CE2E2A28CB9300D3D65C /* SceneDelegate.swift in Sources */,
			);
			runOnlyForDeploymentPostprocessing = 0;
		};
		C5B4CE3D2A28CB9700D3D65C /* Sources */ = {
			isa = PBXSourcesBuildPhase;
			buildActionMask = 2147483647;
			files = (
				C5B4CE462A28CB9700D3D65C /* AppNotificaTests.swift in Sources */,
			);
			runOnlyForDeploymentPostprocessing = 0;
		};
		C5B4CE472A28CB9700D3D65C /* Sources */ = {
			isa = PBXSourcesBuildPhase;
			buildActionMask = 2147483647;
			files = (
				C5B4CE502A28CB9700D3D65C /* AppNotificaUITests.swift in Sources */,
				C5B4CE522A28CB9700D3D65C /* AppNotificaUITestsLaunchTests.swift in Sources */,
			);
			runOnlyForDeploymentPostprocessing = 0;
		};
/* End PBXSourcesBuildPhase section */

/* Begin PBXTargetDependency section */
		C5B4CE432A28CB9700D3D65C /* PBXTargetDependency */ = {
			isa = PBXTargetDependency;
			target = C5B4CE272A28CB9300D3D65C /* AppNotifica */;
			targetProxy = C5B4CE422A28CB9700D3D65C /* PBXContainerItemProxy */;
		};
		C5B4CE4D2A28CB9700D3D65C /* PBXTargetDependency */ = {
			isa = PBXTargetDependency;
			target = C5B4CE272A28CB9300D3D65C /* AppNotifica */;
			targetProxy = C5B4CE4C2A28CB9700D3D65C /* PBXContainerItemProxy */;
		};
/* End PBXTargetDependency section */

/* Begin PBXVariantGroup section */
		C5B4CE312A28CB9300D3D65C /* Main.storyboard */ = {
			isa = PBXVariantGroup;
			children = (
				C5B4CE322A28CB9300D3D65C /* Base */,
			);
			name = Main.storyboard;
			sourceTree = "<group>";
		};
		C5B4CE392A28CB9600D3D65C /* LaunchScreen.storyboard */ = {
			isa = PBXVariantGroup;
			children = (
				C5B4CE3A2A28CB9600D3D65C /* Base */,
			);
			name = LaunchScreen.storyboard;
			sourceTree = "<group>";
		};
/* End PBXVariantGroup section */

/* Begin XCBuildConfiguration section */
		C5B4CE532A28CB9800D3D65C /* Debug */ = {
			isa = XCBuildConfiguration;
			buildSettings = {
				ALWAYS_SEARCH_USER_PATHS = NO;
				CLANG_ANALYZER_NONNULL = YES;
				CLANG_ANALYZER_NUMBER_OBJECT_CONVERSION = YES_AGGRESSIVE;
				CLANG_CXX_LANGUAGE_STANDARD = "gnu++20";
				CLANG_ENABLE_MODULES = YES;
				CLANG_ENABLE_OBJC_ARC = YES;
				CLANG_ENABLE_OBJC_WEAK = YES;
				CLANG_WARN_BLOCK_CAPTURE_AUTORELEASING = YES;
				CLANG_WARN_BOOL_CONVERSION = YES;
				CLANG_WARN_COMMA = YES;
				CLANG_WARN_CONSTANT_CONVERSION = YES;
				CLANG_WARN_DEPRECATED_OBJC_IMPLEMENTATIONS = YES;
				CLANG_WARN_DIRECT_OBJC_ISA_USAGE = YES_ERROR;
				CLANG_WARN_DOCUMENTATION_COMMENTS = YES;
				CLANG_WARN_EMPTY_BODY = YES;
				CLANG_WARN_ENUM_CONVERSION = YES;
				CLANG_WARN_INFINITE_RECURSION = YES;
				CLANG_WARN_INT_CONVERSION = YES;
				CLANG_WARN_NON_LITERAL_NULL_CONVERSION = YES;
				CLANG_WARN_OBJC_IMPLICIT_RETAIN_SELF = YES;
				CLANG_WARN_OBJC_LITERAL_CONVERSION = YES;
				CLANG_WARN_OBJC_ROOT_CLASS = YES_ERROR;
				CLANG_WARN_QUOTED_INCLUDE_IN_FRAMEWORK_HEADER = YES;
				CLANG_WARN_RANGE_LOOP_ANALYSIS = YES;
				CLANG_WARN_STRICT_PROTOTYPES = YES;
				CLANG_WARN_SUSPICIOUS_MOVE = YES;
				CLANG_WARN_UNGUARDED_AVAILABILITY = YES_AGGRESSIVE;
				CLANG_WARN_UNREACHABLE_CODE = YES;
				CLANG_WARN__DUPLICATE_METHOD_MATCH = YES;
				COPY_PHASE_STRIP = NO;
				DEBUG_INFORMATION_FORMAT = dwarf;
				ENABLE_STRICT_OBJC_MSGSEND = YES;
				ENABLE_TESTABILITY = YES;
				GCC_C_LANGUAGE_STANDARD = gnu11;
				GCC_DYNAMIC_NO_PIC = NO;
				GCC_NO_COMMON_BLOCKS = YES;
				GCC_OPTIMIZATION_LEVEL = 0;
				GCC_PREPROCESSOR_DEFINITIONS = (
					"DEBUG=1",
					"$(inherited)",
				);
				GCC_WARN_64_TO_32_BIT_CONVERSION = YES;
				GCC_WARN_ABOUT_RETURN_TYPE = YES_ERROR;
				GCC_WARN_UNDECLARED_SELECTOR = YES;
				GCC_WARN_UNINITIALIZED_AUTOS = YES_AGGRESSIVE;
				GCC_WARN_UNUSED_FUNCTION = YES;
				GCC_WARN_UNUSED_VARIABLE = YES;
				IPHONEOS_DEPLOYMENT_TARGET = 16.4;
				MTL_ENABLE_DEBUG_INFO = INCLUDE_SOURCE;
				MTL_FAST_MATH = YES;
				ONLY_ACTIVE_ARCH = YES;
				SDKROOT = iphoneos;
				SWIFT_ACTIVE_COMPILATION_CONDITIONS = DEBUG;
				SWIFT_OPTIMIZATION_LEVEL = "-Onone";
			};
			name = Debug;
		};
		C5B4CE542A28CB9800D3D65C /* Release */ = {
			isa = XCBuildConfiguration;
			buildSettings = {
				ALWAYS_SEARCH_USER_PATHS = NO;
				CLANG_ANALYZER_NONNULL = YES;
				CLANG_ANALYZER_NUMBER_OBJECT_CONVERSION = YES_AGGRESSIVE;
				CLANG_CXX_LANGUAGE_STANDARD = "gnu++20";
				CLANG_ENABLE_MODULES = YES;
				CLANG_ENABLE_OBJC_ARC = YES;
				CLANG_ENABLE_OBJC_WEAK = YES;
				CLANG_WARN_BLOCK_CAPTURE_AUTORELEASING = YES;
				CLANG_WARN_BOOL_CONVERSION = YES;
				CLANG_WARN_COMMA = YES;
				CLANG_WARN_CONSTANT_CONVERSION = YES;
				CLANG_WARN_DEPRECATED_OBJC_IMPLEMENTATIONS = YES;
				CLANG_WARN_DIRECT_OBJC_ISA_USAGE = YES_ERROR;
				CLANG_WARN_DOCUMENTATION_COMMENTS = YES;
				CLANG_WARN_EMPTY_BODY = YES;
				CLANG_WARN_ENUM_CONVERSION = YES;
				CLANG_WARN_INFINITE_RECURSION = YES;
				CLANG_WARN_INT_CONVERSION = YES;
				CLANG_WARN_NON_LITERAL_NULL_CONVERSION = YES;
				CLANG_WARN_OBJC_IMPLICIT_RETAIN_SELF = YES;
				CLANG_WARN_OBJC_LITERAL_CONVERSION = YES;
				CLANG_WARN_OBJC_ROOT_CLASS = YES_ERROR;
				CLANG_WARN_QUOTED_INCLUDE_IN_FRAMEWORK_HEADER = YES;
				CLANG_WARN_RANGE_LOOP_ANALYSIS = YES;
				CLANG_WARN_STRICT_PROTOTYPES = YES;
				CLANG_WARN_SUSPICIOUS_MOVE = YES;
				CLANG_WARN_UNGUARDED_AVAILABILITY = YES_AGGRESSIVE;
				CLANG_WARN_UNREACHABLE_CODE = YES;
				CLANG_WARN__DUPLICATE_METHOD_MATCH = YES;
				COPY_PHASE_STRIP = NO;
				DEBUG_INFORMATION_FORMAT = "dwarf-with-dsym";
				ENABLE_NS_ASSERTIONS = NO;
				ENABLE_STRICT_OBJC_MSGSEND = YES;
				GCC_C_LANGUAGE_STANDARD = gnu11;
				GCC_NO_COMMON_BLOCKS = YES;
				GCC_WARN_64_TO_32_BIT_CONVERSION = YES;
				GCC_WARN_ABOUT_RETURN_TYPE = YES_ERROR;
				GCC_WARN_UNDECLARED_SELECTOR = YES;
				GCC_WARN_UNINITIALIZED_AUTOS = YES_AGGRESSIVE;
				GCC_WARN_UNUSED_FUNCTION = YES;
				GCC_WARN_UNUSED_VARIABLE = YES;
				IPHONEOS_DEPLOYMENT_TARGET = 16.4;
				MTL_ENABLE_DEBUG_INFO = NO;
				MTL_FAST_MATH = YES;
				SDKROOT = iphoneos;
				SWIFT_COMPILATION_MODE = wholemodule;
				SWIFT_OPTIMIZATION_LEVEL = "-O";
				VALIDATE_PRODUCT = YES;
			};
			name = Release;
		};
		C5B4CE562A28CB9800D3D65C /* Debug */ = {
			isa = XCBuildConfiguration;
			buildSettings = {
				ASSETCATALOG_COMPILER_APPICON_NAME = AppIcon;
				ASSETCATALOG_COMPILER_GLOBAL_ACCENT_COLOR_NAME = AccentColor;
				CODE_SIGN_STYLE = Automatic;
				CURRENT_PROJECT_VERSION = 1;
				GENERATE_INFOPLIST_FILE = YES;
				INFOPLIST_FILE = AppNotifica/Info.plist;
				INFOPLIST_KEY_UIApplicationSupportsIndirectInputEvents = YES;
				INFOPLIST_KEY_UILaunchStoryboardName = LaunchScreen;
				INFOPLIST_KEY_UIMainStoryboardFile = Main;
				INFOPLIST_KEY_UISupportedInterfaceOrientations_iPad = "UIInterfaceOrientationPortrait UIInterfaceOrientationPortraitUpsideDown UIInterfaceOrientationLandscapeLeft UIInterfaceOrientationLandscapeRight";
				INFOPLIST_KEY_UISupportedInterfaceOrientations_iPhone = "UIInterfaceOrientationPortrait UIInterfaceOrientationLandscapeLeft UIInterfaceOrientationLandscapeRight";
				LD_RUNPATH_SEARCH_PATHS = (
					"$(inherited)",
					"@executable_path/Frameworks",
				);
				MARKETING_VERSION = 1.0;
				PRODUCT_BUNDLE_IDENTIFIER = br.edu.ifb.AppNotifica;
				PRODUCT_NAME = "$(TARGET_NAME)";
				SWIFT_EMIT_LOC_STRINGS = YES;
				SWIFT_VERSION = 5.0;
				TARGETED_DEVICE_FAMILY = "1,2";
			};
			name = Debug;
		};
		C5B4CE572A28CB9800D3D65C /* Release */ = {
			isa = XCBuildConfiguration;
			buildSettings = {
				ASSETCATALOG_COMPILER_APPICON_NAME = AppIcon;
				ASSETCATALOG_COMPILER_GLOBAL_ACCENT_COLOR_NAME = AccentColor;
				CODE_SIGN_STYLE = Automatic;
				CURRENT_PROJECT_VERSION = 1;
				GENERATE_INFOPLIST_FILE = YES;
				INFOPLIST_FILE = AppNotifica/Info.plist;
				INFOPLIST_KEY_UIApplicationSupportsIndirectInputEvents = YES;
				INFOPLIST_KEY_UILaunchStoryboardName = LaunchScreen;
				INFOPLIST_KEY_UIMainStoryboardFile = Main;
				INFOPLIST_KEY_UISupportedInterfaceOrientations_iPad = "UIInterfaceOrientationPortrait UIInterfaceOrientationPortraitUpsideDown UIInterfaceOrientationLandscapeLeft UIInterfaceOrientationLandscapeRight";
				INFOPLIST_KEY_UISupportedInterfaceOrientations_iPhone = "UIInterfaceOrientationPortrait UIInterfaceOrientationLandscapeLeft UIInterfaceOrientationLandscapeRight";
				LD_RUNPATH_SEARCH_PATHS = (
					"$(inherited)",
					"@executable_path/Frameworks",
				);
				MARKETING_VERSION = 1.0;
				PRODUCT_BUNDLE_IDENTIFIER = br.edu.ifb.AppNotifica;
				PRODUCT_NAME = "$(TARGET_NAME)";
				SWIFT_EMIT_LOC_STRINGS = YES;
				SWIFT_VERSION = 5.0;
				TARGETED_DEVICE_FAMILY = "1,2";
			};
			name = Release;
		};
		C5B4CE592A28CB9800D3D65C /* Debug */ = {
			isa = XCBuildConfiguration;
			buildSettings = {
				ALWAYS_EMBED_SWIFT_STANDARD_LIBRARIES = YES;
				BUNDLE_LOADER = "$(TEST_HOST)";
				CODE_SIGN_STYLE = Automatic;
				CURRENT_PROJECT_VERSION = 1;
				GENERATE_INFOPLIST_FILE = YES;
				IPHONEOS_DEPLOYMENT_TARGET = 16.4;
				MARKETING_VERSION = 1.0;
				PRODUCT_BUNDLE_IDENTIFIER = br.edu.ifb.AppNotificaTests;
				PRODUCT_NAME = "$(TARGET_NAME)";
				SWIFT_EMIT_LOC_STRINGS = NO;
				SWIFT_VERSION = 5.0;
				TARGETED_DEVICE_FAMILY = "1,2";
				TEST_HOST = "$(BUILT_PRODUCTS_DIR)/AppNotifica.app/$(BUNDLE_EXECUTABLE_FOLDER_PATH)/AppNotifica";
			};
			name = Debug;
		};
		C5B4CE5A2A28CB9800D3D65C /* Release */ = {
			isa = XCBuildConfiguration;
			buildSettings = {
				ALWAYS_EMBED_SWIFT_STANDARD_LIBRARIES = YES;
				BUNDLE_LOADER = "$(TEST_HOST)";
				CODE_SIGN_STYLE = Automatic;
				CURRENT_PROJECT_VERSION = 1;
				GENERATE_INFOPLIST_FILE = YES;
				IPHONEOS_DEPLOYMENT_TARGET = 16.4;
				MARKETING_VERSION = 1.0;
				PRODUCT_BUNDLE_IDENTIFIER = br.edu.ifb.AppNotificaTests;
				PRODUCT_NAME = "$(TARGET_NAME)";
				SWIFT_EMIT_LOC_STRINGS = NO;
				SWIFT_VERSION = 5.0;
				TARGETED_DEVICE_FAMILY = "1,2";
				TEST_HOST = "$(BUILT_PRODUCTS_DIR)/AppNotifica.app/$(BUNDLE_EXECUTABLE_FOLDER_PATH)/AppNotifica";
			};
			name = Release;
		};
		C5B4CE5C2A28CB9800D3D65C /* Debug */ = {
			isa = XCBuildConfiguration;
			buildSettings = {
				ALWAYS_EMBED_SWIFT_STANDARD_LIBRARIES = YES;
				CODE_SIGN_STYLE = Automatic;
				CURRENT_PROJECT_VERSION = 1;
				GENERATE_INFOPLIST_FILE = YES;
				MARKETING_VERSION = 1.0;
				PRODUCT_BUNDLE_IDENTIFIER = br.edu.ifb.AppNotificaUITests;
				PRODUCT_NAME = "$(TARGET_NAME)";
				SWIFT_EMIT_LOC_STRINGS = NO;
				SWIFT_VERSION = 5.0;
				TARGETED_DEVICE_FAMILY = "1,2";
				TEST_TARGET_NAME = AppNotifica;
			};
			name = Debug;
		};
		C5B4CE5D2A28CB9800D3D65C /* Release */ = {
			isa = XCBuildConfiguration;
			buildSettings = {
				ALWAYS_EMBED_SWIFT_STANDARD_LIBRARIES = YES;
				CODE_SIGN_STYLE = Automatic;
				CURRENT_PROJECT_VERSION = 1;
				GENERATE_INFOPLIST_FILE = YES;
				MARKETING_VERSION = 1.0;
				PRODUCT_BUNDLE_IDENTIFIER = br.edu.ifb.AppNotificaUITests;
				PRODUCT_NAME = "$(TARGET_NAME)";
				SWIFT_EMIT_LOC_STRINGS = NO;
				SWIFT_VERSION = 5.0;
				TARGETED_DEVICE_FAMILY = "1,2";
				TEST_TARGET_NAME = AppNotifica;
			};
			name = Release;
		};
/* End XCBuildConfiguration section */

/* Begin XCConfigurationList section */
		C5B4CE232A28CB9300D3D65C /* Build configuration list for PBXProject "AppNotifica" */ = {
			isa = XCConfigurationList;
			buildConfigurations = (
				C5B4CE532A28CB9800D3D65C /* Debug */,
				C5B4CE542A28CB9800D3D65C /* Release */,
			);
			defaultConfigurationIsVisible = 0;
			defaultConfigurationName = Release;
		};
		C5B4CE552A28CB9800D3D65C /* Build configuration list for PBXNativeTarget "AppNotifica" */ = {
			isa = XCConfigurationList;
			buildConfigurations = (
				C5B4CE562A28CB9800D3D65C /* Debug */,
				C5B4CE572A28CB9800D3D65C /* Release */,
			);
			defaultConfigurationIsVisible = 0;
			defaultConfigurationName = Release;
		};
		C5B4CE582A28CB9800D3D65C /* Build configuration list for PBXNativeTarget "AppNotificaTests" */ = {
			isa = XCConfigurationList;
			buildConfigurations = (
				C5B4CE592A28CB9800D3D65C /* Debug */,
				C5B4CE5A2A28CB9800D3D65C /* Release */,
			);
			defaultConfigurationIsVisible = 0;
			defaultConfigurationName = Release;
		};
		C5B4CE5B2A28CB9800D3D65C /* Build configuration list for PBXNativeTarget "AppNotificaUITests" */ = {
			isa = XCConfigurationList;
			buildConfigurations = (
				C5B4CE5C2A28CB9800D3D65C /* Debug */,
				C5B4CE5D2A28CB9800D3D65C /* Release */,
			);
			defaultConfigurationIsVisible = 0;
			defaultConfigurationName = Release;
		};
/* End XCConfigurationList section */

/* Begin XCVersionGroup section */
		C5B4CE342A28CB9300D3D65C /* AppNotifica.xcdatamodeld */ = {
			isa = XCVersionGroup;
			children = (
				C5B4CE352A28CB9300D3D65C /* AppNotifica.xcdatamodel */,
			);
			currentVersion = C5B4CE352A28CB9300D3D65C /* AppNotifica.xcdatamodel */;
			path = AppNotifica.xcdatamodeld;
			sourceTree = "<group>";
			versionGroupType = wrapper.xcdatamodel;
		};
/* End XCVersionGroup section */
	};
	rootObject = C5B4CE202A28CB9300D3D65C /* Project object */;
}
